
Microsoft Visual Studio Solution File, Format Version 12.00
# Visual Studio Version 16
VisualStudioVersion = 16.0.31005.135
MinimumVisualStudioVersion = 10.0.40219.1
Project("{8BC9CEB8-8B4A-11D0-8D11-00A0C91BC942}") = "Cube", "Cube\Cube.vcxproj", "{C63CD1A6-83C6-4784-8D50-AE03848AE42C}"
EndProject
Project("{8BC9CEB8-8B4A-11D0-8D11-00A0C91BC942}") = "lab2-light", "lab2-light\lab2-light.vcxproj", "{290DCC4B-7136-4327-8162-6D93AB4B846C}"
EndProject
Global
	GlobalSection(SolutionConfigurationPlatforms) = preSolution
		Debug|ARM = Debug|ARM
		Debug|ARM64 = Debug|ARM64
		Debug|x64 = Debug|x64
		Debug|x86 = Debug|x86
		Profile|ARM = Profile|ARM
		Profile|ARM64 = Profile|ARM64
		Profile|x64 = Profile|x64
		Profile|x86 = Profile|x86
		Release|ARM = Release|ARM
		Release|ARM64 = Release|ARM64
		Release|x64 = Release|x64
		Release|x86 = Release|x86
	EndGlobalSection
	GlobalSection(ProjectConfigurationPlatforms) = postSolution
		{C63CD1A6-83C6-4784-8D50-AE03848AE42C}.Debug|ARM.ActiveCfg = Debug|Win32
		{C63CD1A6-83C6-4784-8D50-AE03848AE42C}.Debug|ARM64.ActiveCfg = Debug|Win32
		{C63CD1A6-83C6-4784-8D50-AE03848AE42C}.Debug|x64.ActiveCfg = Debug|x64
		{C63CD1A6-83C6-4784-8D50-AE03848AE42C}.Debug|x64.Build.0 = Debug|x64
		{C63CD1A6-83C6-4784-8D50-AE03848AE42C}.Debug|x86.ActiveCfg = Debug|x64
		{C63CD1A6-83C6-4784-8D50-AE03848AE42C}.Debug|x86.Build.0 = Debug|x64
		{C63CD1A6-83C6-4784-8D50-AE03848AE42C}.Profile|ARM.ActiveCfg = Debug|Win32
		{C63CD1A6-83C6-4784-8D50-AE03848AE42C}.Profile|ARM.Build.0 = Debug|Win32
		{C63CD1A6-83C6-4784-8D50-AE03848AE42C}.Profile|ARM64.ActiveCfg = Debug|Win32
		{C63CD1A6-83C6-4784-8D50-AE03848AE42C}.Profile|ARM64.Build.0 = Debug|Win32
		{C63CD1A6-83C6-4784-8D50-AE03848AE42C}.Profile|x64.ActiveCfg = Release|x64
		{C63CD1A6-83C6-4784-8D50-AE03848AE42C}.Profile|x64.Build.0 = Release|x64
		{C63CD1A6-83C6-4784-8D50-AE03848AE42C}.Profile|x86.ActiveCfg = Release|Win32
		{C63CD1A6-83C6-4784-8D50-AE03848AE42C}.Profile|x86.Build.0 = Release|Win32
		{C63CD1A6-83C6-4784-8D50-AE03848AE42C}.Release|ARM.ActiveCfg = Release|Win32
		{C63CD1A6-83C6-4784-8D50-AE03848AE42C}.Release|ARM64.ActiveCfg = Release|Win32
		{C63CD1A6-83C6-4784-8D50-AE03848AE42C}.Release|x64.ActiveCfg = Release|x64
		{C63CD1A6-83C6-4784-8D50-AE03848AE42C}.Release|x64.Build.0 = Release|x64
		{C63CD1A6-83C6-4784-8D50-AE03848AE42C}.Release|x86.ActiveCfg = Release|Win32
		{C63CD1A6-83C6-4784-8D50-AE03848AE42C}.Release|x86.Build.0 = Release|Win32
		{290DCC4B-7136-4327-8162-6D93AB4B846C}.Debug|ARM.ActiveCfg = Debug|Win32
		{290DCC4B-7136-4327-8162-6D93AB4B846C}.Debug|ARM64.ActiveCfg = Debug|Win32
		{290DCC4B-7136-4327-8162-6D93AB4B846C}.Debug|x64.ActiveCfg = Debug|x64
		{290DCC4B-7136-4327-8162-6D93AB4B846C}.Debug|x64.Build.0 = Debug|x64
		{290DCC4B-7136-4327-8162-6D93AB4B846C}.Debug|x86.ActiveCfg = Debug|Win32
		{290DCC4B-7136-4327-8162-6D93AB4B846C}.Debug|x86.Build.0 = Debug|Win32
		{290DCC4B-7136-4327-8162-6D93AB4B846C}.Profile|ARM.ActiveCfg = Debug|Win32
		{290DCC4B-7136-4327-8162-6D93AB4B846C}.Profile|ARM.Build.0 = Debug|Win32
		{290DCC4B-7136-4327-8162-6D93AB4B846C}.Profile|ARM64.ActiveCfg = Debug|Win32
		{290DCC4B-7136-4327-8162-6D93AB4B846C}.Profile|ARM64.Build.0 = Debug|Win32
		{290DCC4B-7136-4327-8162-6D93AB4B846C}.Profile|x64.ActiveCfg = Debug|x64
		{290DCC4B-7136-4327-8162-6D93AB4B846C}.Profile|x64.Build.0 = Debug|x64
		{290DCC4B-7136-4327-8162-6D93AB4B846C}.Profile|x86.ActiveCfg = Debug|Win32
		{290DCC4B-7136-4327-8162-6D93AB4B846C}.Profile|x86.Build.0 = Debug|Win32
		{290DCC4B-7136-4327-8162-6D93AB4B846C}.Release|ARM.ActiveCfg = Release|Win32
		{290DCC4B-7136-4327-8162-6D93AB4B846C}.Release|ARM64.ActiveCfg = Release|Win32
		{290DCC4B-7136-4327-8162-6D93AB4B846C}.Release|x64.ActiveCfg = Release|x64
		{290DCC4B-7136-4327-8162-6D93AB4B846C}.Release|x64.Build.0 = Release|x64
		{290DCC4B-7136-4327-8162-6D93AB4B846C}.Release|x86.ActiveCfg = Release|Win32
		{290DCC4B-7136-4327-8162-6D93AB4B846C}.Release|x86.Build.0 = Release|Win32
	EndGlobalSection
	GlobalSection(SolutionProperties) = preSolution
		HideSolutionNode = FALSE
	EndGlobalSection
	GlobalSection(ExtensibilityGlobals) = postSolution
		SolutionGuid = {549A4D34-8424-43F6-B9E2-FCD59BEEB99C}
	EndGlobalSection
EndGlobal
